
Microsoft Visual Studio Solution File, Format Version 12.00
# Visual Studio Version 16
VisualStudioVersion = 16.0.31005.135
MinimumVisualStudioVersion = 10.0.40219.1
Project("{FAE04EC0-301F-11D3-BF4B-00C04F79EFBC}") = "Task3", "Task3\Task3.csproj", "{BE37F799-C5C0-49D0-B65B-FFF09420CDE0}"
EndProject
Project("{FAE04EC0-301F-11D3-BF4B-00C04F79EFBC}") = "Task3.2", "Task3.1\Task3.2.csproj", "{DCDE4B8D-3B68-4EC5-98E8-89F8D67594D5}"
EndProject
Project("{FAE04EC0-301F-11D3-BF4B-00C04F79EFBC}") = "ExtraTask", "ExtraTask\ExtraTask.csproj", "{D3B3AED4-EC59-44EF-9101-BA00A60A9E57}"
EndProject
Global
	GlobalSection(SolutionConfigurationPlatforms) = preSolution
		Debug|Any CPU = Debug|Any CPU
		Release|Any CPU = Release|Any CPU
	EndGlobalSection
	GlobalSection(ProjectConfigurationPlatforms) = postSolution
		{BE37F799-C5C0-49D0-B65B-FFF09420CDE0}.Debug|Any CPU.ActiveCfg = Debug|Any CPU
		{BE37F799-C5C0-49D0-B65B-FFF09420CDE0}.Debug|Any CPU.Build.0 = Debug|Any CPU
		{BE37F799-C5C0-49D0-B65B-FFF09420CDE0}.Release|Any CPU.ActiveCfg = Release|Any CPU
		{BE37F799-C5C0-49D0-B65B-FFF09420CDE0}.Release|Any CPU.Build.0 = Release|Any CPU
		{DCDE4B8D-3B68-4EC5-98E8-89F8D67594D5}.Debug|Any CPU.ActiveCfg = Debug|Any CPU
		{DCDE4B8D-3B68-4EC5-98E8-89F8D67594D5}.Debug|Any CPU.Build.0 = Debug|Any CPU
		{DCDE4B8D-3B68-4EC5-98E8-89F8D67594D5}.Release|Any CPU.ActiveCfg = Release|Any CPU
		{DCDE4B8D-3B68-4EC5-98E8-89F8D67594D5}.Release|Any CPU.Build.0 = Release|Any CPU
		{D3B3AED4-EC59-44EF-9101-BA00A60A9E57}.Debug|Any CPU.ActiveCfg = Debug|Any CPU
		{D3B3AED4-EC59-44EF-9101-BA00A60A9E57}.Debug|Any CPU.Build.0 = Debug|Any CPU
		{D3B3AED4-EC59-44EF-9101-BA00A60A9E57}.Release|Any CPU.ActiveCfg = Release|Any CPU
		{D3B3AED4-EC59-44EF-9101-BA00A60A9E57}.Release|Any CPU.Build.0 = Release|Any CPU
	EndGlobalSection
	GlobalSection(SolutionProperties) = preSolution
		HideSolutionNode = FALSE
	EndGlobalSection
	GlobalSection(ExtensibilityGlobals) = postSolution
		SolutionGuid = {48E51CC4-9F89-4A06-99EA-67F02485E556}
	EndGlobalSection
EndGlobal
