
Microsoft Visual Studio Solution File, Format Version 12.00
# Visual Studio Version 16
VisualStudioVersion = 16.0.31005.135
MinimumVisualStudioVersion = 10.0.40219.1
Project("{FAE04EC0-301F-11D3-BF4B-00C04F79EFBC}") = "Task4", "Task4\Task4.csproj", "{98BE5790-4585-4B34-8580-EBDE34661035}"
EndProject
Project("{FAE04EC0-301F-11D3-BF4B-00C04F79EFBC}") = "Task4.2", "Task4.2\Task4.2.csproj", "{24FF00C5-FBD2-41BD-A985-7BCDD22419AE}"
EndProject
Global
	GlobalSection(SolutionConfigurationPlatforms) = preSolution
		Debug|Any CPU = Debug|Any CPU
		Release|Any CPU = Release|Any CPU
	EndGlobalSection
	GlobalSection(ProjectConfigurationPlatforms) = postSolution
		{98BE5790-4585-4B34-8580-EBDE34661035}.Debug|Any CPU.ActiveCfg = Debug|Any CPU
		{98BE5790-4585-4B34-8580-EBDE34661035}.Debug|Any CPU.Build.0 = Debug|Any CPU
		{98BE5790-4585-4B34-8580-EBDE34661035}.Release|Any CPU.ActiveCfg = Release|Any CPU
		{98BE5790-4585-4B34-8580-EBDE34661035}.Release|Any CPU.Build.0 = Release|Any CPU
		{24FF00C5-FBD2-41BD-A985-7BCDD22419AE}.Debug|Any CPU.ActiveCfg = Debug|Any CPU
		{24FF00C5-FBD2-41BD-A985-7BCDD22419AE}.Debug|Any CPU.Build.0 = Debug|Any CPU
		{24FF00C5-FBD2-41BD-A985-7BCDD22419AE}.Release|Any CPU.ActiveCfg = Release|Any CPU
		{24FF00C5-FBD2-41BD-A985-7BCDD22419AE}.Release|Any CPU.Build.0 = Release|Any CPU
	EndGlobalSection
	GlobalSection(SolutionProperties) = preSolution
		HideSolutionNode = FALSE
	EndGlobalSection
	GlobalSection(ExtensibilityGlobals) = postSolution
		SolutionGuid = {253EAE8D-110F-4987-9702-6FC927B91B44}
	EndGlobalSection
EndGlobal
