
Microsoft Visual Studio Solution File, Format Version 12.00
# Visual Studio Version 16
VisualStudioVersion = 16.0.31005.135
MinimumVisualStudioVersion = 10.0.40219.1
Project("{FAE04EC0-301F-11D3-BF4B-00C04F79EFBC}") = "Task14", "Task14\Task14.csproj", "{E82770EB-0910-44DF-A0A0-93F3EBFD5D37}"
EndProject
Global
	GlobalSection(SolutionConfigurationPlatforms) = preSolution
		Debug|Any CPU = Debug|Any CPU
		Release|Any CPU = Release|Any CPU
	EndGlobalSection
	GlobalSection(ProjectConfigurationPlatforms) = postSolution
		{E82770EB-0910-44DF-A0A0-93F3EBFD5D37}.Debug|Any CPU.ActiveCfg = Debug|Any CPU
		{E82770EB-0910-44DF-A0A0-93F3EBFD5D37}.Debug|Any CPU.Build.0 = Debug|Any CPU
		{E82770EB-0910-44DF-A0A0-93F3EBFD5D37}.Release|Any CPU.ActiveCfg = Release|Any CPU
		{E82770EB-0910-44DF-A0A0-93F3EBFD5D37}.Release|Any CPU.Build.0 = Release|Any CPU
	EndGlobalSection
	GlobalSection(SolutionProperties) = preSolution
		HideSolutionNode = FALSE
	EndGlobalSection
	GlobalSection(ExtensibilityGlobals) = postSolution
		SolutionGuid = {DBB72EC3-290F-4EA8-8D57-686BAD49BB05}
	EndGlobalSection
EndGlobal
